
Microsoft Visual Studio Solution File, Format Version 12.00
# Visual Studio Version 17
VisualStudioVersion = 17.0.32112.339
MinimumVisualStudioVersion = 10.0.40219.1
Project("{FAE04EC0-301F-11D3-BF4B-00C04F79EFBC}") = "EmployeeStorage", "EmployeeStorage\EmployeeStorage.csproj", "{EFF11EFC-D1B8-46CF-BAA6-9F1A3433960F}"
EndProject
Project("{FAE04EC0-301F-11D3-BF4B-00C04F79EFBC}") = "DAL", "DAL\DAL.csproj", "{1F13565B-5054-4864-B5F8-48FCA4A910F3}"
EndProject
Global
	GlobalSection(SolutionConfigurationPlatforms) = preSolution
		Debug|Any CPU = Debug|Any CPU
		Release|Any CPU = Release|Any CPU
	EndGlobalSection
	GlobalSection(ProjectConfigurationPlatforms) = postSolution
		{EFF11EFC-D1B8-46CF-BAA6-9F1A3433960F}.Debug|Any CPU.ActiveCfg = Debug|Any CPU
		{EFF11EFC-D1B8-46CF-BAA6-9F1A3433960F}.Debug|Any CPU.Build.0 = Debug|Any CPU
		{EFF11EFC-D1B8-46CF-BAA6-9F1A3433960F}.Release|Any CPU.ActiveCfg = Release|Any CPU
		{EFF11EFC-D1B8-46CF-BAA6-9F1A3433960F}.Release|Any CPU.Build.0 = Release|Any CPU
		{1F13565B-5054-4864-B5F8-48FCA4A910F3}.Debug|Any CPU.ActiveCfg = Debug|Any CPU
		{1F13565B-5054-4864-B5F8-48FCA4A910F3}.Debug|Any CPU.Build.0 = Debug|Any CPU
		{1F13565B-5054-4864-B5F8-48FCA4A910F3}.Release|Any CPU.ActiveCfg = Release|Any CPU
		{1F13565B-5054-4864-B5F8-48FCA4A910F3}.Release|Any CPU.Build.0 = Release|Any CPU
	EndGlobalSection
	GlobalSection(SolutionProperties) = preSolution
		HideSolutionNode = FALSE
	EndGlobalSection
	GlobalSection(ExtensibilityGlobals) = postSolution
		SolutionGuid = {FD3B3BCD-DDEA-48B6-901D-A70A8932D653}
	EndGlobalSection
EndGlobal
